
Microsoft Visual Studio Solution File, Format Version 12.00
# Visual Studio Version 17
VisualStudioVersion = 17.8.34511.84
MinimumVisualStudioVersion = 10.0.40219.1
Project("{9A19103F-16F7-4668-BE54-9A1E7A4F7556}") = "CdekSample.Test", "test\CdekSample.Test\CdekSample.Test.csproj", "{5A351EB1-A5EA-4B8E-B4B9-C7BB395AC6CE}"
EndProject
Project("{9A19103F-16F7-4668-BE54-9A1E7A4F7556}") = "CdekSample", "src\CdekSample\CdekSample.csproj", "{62DC30C8-1F31-4120-B82C-A67B184F78CF}"
EndProject
Project("{FAE04EC0-301F-11D3-BF4B-00C04F79EFBC}") = "CdekSample.Http", "src\CdekSample.Http\CdekSample.Http.csproj", "{2A36FCE9-AA09-4E51-A8E7-FC781445031C}"
EndProject
Global
	GlobalSection(SolutionConfigurationPlatforms) = preSolution
		Debug|Any CPU = Debug|Any CPU
		Release|Any CPU = Release|Any CPU
	EndGlobalSection
	GlobalSection(ProjectConfigurationPlatforms) = postSolution
		{5A351EB1-A5EA-4B8E-B4B9-C7BB395AC6CE}.Debug|Any CPU.ActiveCfg = Debug|Any CPU
		{5A351EB1-A5EA-4B8E-B4B9-C7BB395AC6CE}.Debug|Any CPU.Build.0 = Debug|Any CPU
		{5A351EB1-A5EA-4B8E-B4B9-C7BB395AC6CE}.Release|Any CPU.ActiveCfg = Release|Any CPU
		{5A351EB1-A5EA-4B8E-B4B9-C7BB395AC6CE}.Release|Any CPU.Build.0 = Release|Any CPU
		{62DC30C8-1F31-4120-B82C-A67B184F78CF}.Debug|Any CPU.ActiveCfg = Debug|Any CPU
		{62DC30C8-1F31-4120-B82C-A67B184F78CF}.Debug|Any CPU.Build.0 = Debug|Any CPU
		{62DC30C8-1F31-4120-B82C-A67B184F78CF}.Release|Any CPU.ActiveCfg = Release|Any CPU
		{62DC30C8-1F31-4120-B82C-A67B184F78CF}.Release|Any CPU.Build.0 = Release|Any CPU
		{2A36FCE9-AA09-4E51-A8E7-FC781445031C}.Debug|Any CPU.ActiveCfg = Debug|Any CPU
		{2A36FCE9-AA09-4E51-A8E7-FC781445031C}.Debug|Any CPU.Build.0 = Debug|Any CPU
		{2A36FCE9-AA09-4E51-A8E7-FC781445031C}.Release|Any CPU.ActiveCfg = Release|Any CPU
		{2A36FCE9-AA09-4E51-A8E7-FC781445031C}.Release|Any CPU.Build.0 = Release|Any CPU
	EndGlobalSection
	GlobalSection(SolutionProperties) = preSolution
		HideSolutionNode = FALSE
	EndGlobalSection
	GlobalSection(ExtensibilityGlobals) = postSolution
		SolutionGuid = {F3F1A12B-7D85-4697-87B0-15EF0DB6AB8C}
	EndGlobalSection
EndGlobal
